
Microsoft Visual Studio Solution File, Format Version 12.00
# Visual Studio Version 17
VisualStudioVersion = 17.5.002.0
MinimumVisualStudioVersion = 10.0.40219.1
Project("{2150E333-8FDC-42A3-9474-1A3956D46DE8}") = "S365690", "S365690", "{7AAD2619-E777-483B-A53E-0312EEE98F1E}"
EndProject
Project("{9A19103F-16F7-4668-BE54-9A1E7A4F7556}") = "MvcMovie", "S365690\week1\MvcMovie.csproj", "{554262AD-76AA-44E9-A8F3-1DA113165898}"
EndProject
Global
	GlobalSection(SolutionConfigurationPlatforms) = preSolution
		Debug|Any CPU = Debug|Any CPU
		Release|Any CPU = Release|Any CPU
	EndGlobalSection
	GlobalSection(ProjectConfigurationPlatforms) = postSolution
		{554262AD-76AA-44E9-A8F3-1DA113165898}.Debug|Any CPU.ActiveCfg = Debug|Any CPU
		{554262AD-76AA-44E9-A8F3-1DA113165898}.Debug|Any CPU.Build.0 = Debug|Any CPU
		{554262AD-76AA-44E9-A8F3-1DA113165898}.Release|Any CPU.ActiveCfg = Release|Any CPU
		{554262AD-76AA-44E9-A8F3-1DA113165898}.Release|Any CPU.Build.0 = Release|Any CPU
	EndGlobalSection
	GlobalSection(SolutionProperties) = preSolution
		HideSolutionNode = FALSE
	EndGlobalSection
	GlobalSection(NestedProjects) = preSolution
		{554262AD-76AA-44E9-A8F3-1DA113165898} = {7AAD2619-E777-483B-A53E-0312EEE98F1E}
	EndGlobalSection
	GlobalSection(ExtensibilityGlobals) = postSolution
		SolutionGuid = {1EAFFFF4-4939-4881-85EB-6DB2CFA92CB4}
	EndGlobalSection
EndGlobal
